// !$*UTF8*$!
{
	archiveVersion = 1;
	classes = {
	};
	objectVersion = 56;
	objects = {

/* Begin PBXBuildFile section */
		35ADFF1B2A696BFF00C93D6F /* AppDelegate.swift in Sources */ = {isa = PBXBuildFile; fileRef = 35ADFF1A2A696BFF00C93D6F /* AppDelegate.swift */; };
		35ADFF1D2A696BFF00C93D6F /* SceneDelegate.swift in Sources */ = {isa = PBXBuildFile; fileRef = 35ADFF1C2A696BFF00C93D6F /* SceneDelegate.swift */; };
		35ADFF1F2A696BFF00C93D6F /* ViewController.swift in Sources */ = {isa = PBXBuildFile; fileRef = 35ADFF1E2A696BFF00C93D6F /* ViewController.swift */; };
		35ADFF222A696BFF00C93D6F /* Main.storyboard in Resources */ = {isa = PBXBuildFile; fileRef = 35ADFF202A696BFF00C93D6F /* Main.storyboard */; };
		35ADFF242A696C0000C93D6F /* Assets.xcassets in Resources */ = {isa = PBXBuildFile; fileRef = 35ADFF232A696C0000C93D6F /* Assets.xcassets */; };
		35ADFF272A696C0000C93D6F /* LaunchScreen.storyboard in Resources */ = {isa = PBXBuildFile; fileRef = 35ADFF252A696C0000C93D6F /* LaunchScreen.storyboard */; };
		35ADFF2F2A696DBE00C93D6F /* GoogleService-Info.plist in Resources */ = {isa = PBXBuildFile; fileRef = 35ADFF2E2A696DBE00C93D6F /* GoogleService-Info.plist */; };
		35FDD65F2A6ABC58007761BB /* SDWebImage.framework in Frameworks */ = {isa = PBXBuildFile; fileRef = 35FDD65E2A6ABC58007761BB /* SDWebImage.framework */; settings = {ATTRIBUTES = (Required, ); }; };
		35FE56052A6A781100F83350 /* FeedViewController.swift in Sources */ = {isa = PBXBuildFile; fileRef = 35FE56042A6A781100F83350 /* FeedViewController.swift */; };
		35FE56072A6A782600F83350 /* UploadViewController.swift in Sources */ = {isa = PBXBuildFile; fileRef = 35FE56062A6A782600F83350 /* UploadViewController.swift */; };
		35FE56092A6A783400F83350 /* SettingsViewController.swift in Sources */ = {isa = PBXBuildFile; fileRef = 35FE56082A6A783400F83350 /* SettingsViewController.swift */; };
		35FE560B2A6A9C1100F83350 /* FeedCell.swift in Sources */ = {isa = PBXBuildFile; fileRef = 35FE560A2A6A9C1100F83350 /* FeedCell.swift */; };
		35FE560D2A6AB9A400F83350 /* SDWebImage.framework in Frameworks */ = {isa = PBXBuildFile; fileRef = 35FE560C2A6AB9A400F83350 /* SDWebImage.framework */; };
		E72832A88EFB217CC410A915 /* Pods_instaCloneFireBase.framework in Frameworks */ = {isa = PBXBuildFile; fileRef = C6B31FA0ACD94FDC563C11B6 /* Pods_instaCloneFireBase.framework */; };
/* End PBXBuildFile section */

/* Begin PBXFileReference section */
		35ADFF172A696BFF00C93D6F /* instaCloneFireBase.app */ = {isa = PBXFileReference; explicitFileType = wrapper.application; includeInIndex = 0; path = instaCloneFireBase.app; sourceTree = BUILT_PRODUCTS_DIR; };
		35ADFF1A2A696BFF00C93D6F /* AppDelegate.swift */ = {isa = PBXFileReference; lastKnownFileType = sourcecode.swift; path = AppDelegate.swift; sourceTree = "<group>"; };
		35ADFF1C2A696BFF00C93D6F /* SceneDelegate.swift */ = {isa = PBXFileReference; lastKnownFileType = sourcecode.swift; path = SceneDelegate.swift; sourceTree = "<group>"; };
		35ADFF1E2A696BFF00C93D6F /* ViewController.swift */ = {isa = PBXFileReference; lastKnownFileType = sourcecode.swift; path = ViewController.swift; sourceTree = "<group>"; };
		35ADFF212A696BFF00C93D6F /* Base */ = {isa = PBXFileReference; lastKnownFileType = file.storyboard; name = Base; path = Base.lproj/Main.storyboard; sourceTree = "<group>"; };
		35ADFF232A696C0000C93D6F /* Assets.xcassets */ = {isa = PBXFileReference; lastKnownFileType = folder.assetcatalog; path = Assets.xcassets; sourceTree = "<group>"; };
		35ADFF262A696C0000C93D6F /* Base */ = {isa = PBXFileReference; lastKnownFileType = file.storyboard; name = Base; path = Base.lproj/LaunchScreen.storyboard; sourceTree = "<group>"; };
		35ADFF282A696C0000C93D6F /* Info.plist */ = {isa = PBXFileReference; lastKnownFileType = text.plist.xml; path = Info.plist; sourceTree = "<group>"; };
		35ADFF2E2A696DBE00C93D6F /* GoogleService-Info.plist */ = {isa = PBXFileReference; fileEncoding = 4; lastKnownFileType = text.plist.xml; name = "GoogleService-Info.plist"; path = "../../../../Downloads/GoogleService-Info.plist"; sourceTree = "<group>"; };
		35FDD65E2A6ABC58007761BB /* SDWebImage.framework */ = {isa = PBXFileReference; explicitFileType = wrapper.framework; path = SDWebImage.framework; sourceTree = BUILT_PRODUCTS_DIR; };
		35FE56042A6A781100F83350 /* FeedViewController.swift */ = {isa = PBXFileReference; lastKnownFileType = sourcecode.swift; path = FeedViewController.swift; sourceTree = "<group>"; };
		35FE56062A6A782600F83350 /* UploadViewController.swift */ = {isa = PBXFileReference; lastKnownFileType = sourcecode.swift; path = UploadViewController.swift; sourceTree = "<group>"; };
		35FE56082A6A783400F83350 /* SettingsViewController.swift */ = {isa = PBXFileReference; lastKnownFileType = sourcecode.swift; path = SettingsViewController.swift; sourceTree = "<group>"; };
		35FE560A2A6A9C1100F83350 /* FeedCell.swift */ = {isa = PBXFileReference; lastKnownFileType = sourcecode.swift; path = FeedCell.swift; sourceTree = "<group>"; };
		35FE560C2A6AB9A400F83350 /* SDWebImage.framework */ = {isa = PBXFileReference; explicitFileType = wrapper.framework; path = SDWebImage.framework; sourceTree = BUILT_PRODUCTS_DIR; };
		C11D92ED36A1B2C1BB5D23D0 /* Pods-instaCloneFireBase.debug.xcconfig */ = {isa = PBXFileReference; includeInIndex = 1; lastKnownFileType = text.xcconfig; name = "Pods-instaCloneFireBase.debug.xcconfig"; path = "Target Support Files/Pods-instaCloneFireBase/Pods-instaCloneFireBase.debug.xcconfig"; sourceTree = "<group>"; };
		C6B31FA0ACD94FDC563C11B6 /* Pods_instaCloneFireBase.framework */ = {isa = PBXFileReference; explicitFileType = wrapper.framework; includeInIndex = 0; path = Pods_instaCloneFireBase.framework; sourceTree = BUILT_PRODUCTS_DIR; };
		E5BDBB3051FB0B1F2B28B2C1 /* Pods-instaCloneFireBase.release.xcconfig */ = {isa = PBXFileReference; includeInIndex = 1; lastKnownFileType = text.xcconfig; name = "Pods-instaCloneFireBase.release.xcconfig"; path = "Target Support Files/Pods-instaCloneFireBase/Pods-instaCloneFireBase.release.xcconfig"; sourceTree = "<group>"; };
/* End PBXFileReference section */

/* Begin PBXFrameworksBuildPhase section */
		35ADFF142A696BFF00C93D6F /* Frameworks */ = {
			isa = PBXFrameworksBuildPhase;
			buildActionMask = 2147483647;
			files = (
				35FDD65F2A6ABC58007761BB /* SDWebImage.framework in Frameworks */,
				35FE560D2A6AB9A400F83350 /* SDWebImage.framework in Frameworks */,
				E72832A88EFB217CC410A915 /* Pods_instaCloneFireBase.framework in Frameworks */,
			);
			runOnlyForDeploymentPostprocessing = 0;
		};
/* End PBXFrameworksBuildPhase section */

/* Begin PBXGroup section */
		35ADFF0E2A696BFF00C93D6F = {
			isa = PBXGroup;
			children = (
				35ADFF192A696BFF00C93D6F /* instaCloneFireBase */,
				35ADFF182A696BFF00C93D6F /* Products */,
				93416032978D47883FADCCAA /* Pods */,
				B8B4E51D25D24D32DE6A99C2 /* Frameworks */,
			);
			sourceTree = "<group>";
		};
		35ADFF182A696BFF00C93D6F /* Products */ = {
			isa = PBXGroup;
			children = (
				35ADFF172A696BFF00C93D6F /* instaCloneFireBase.app */,
			);
			name = Products;
			sourceTree = "<group>";
		};
		35ADFF192A696BFF00C93D6F /* instaCloneFireBase */ = {
			isa = PBXGroup;
			children = (
				35ADFF2E2A696DBE00C93D6F /* GoogleService-Info.plist */,
				35ADFF1A2A696BFF00C93D6F /* AppDelegate.swift */,
				35ADFF282A696C0000C93D6F /* Info.plist */,
				35ADFF1C2A696BFF00C93D6F /* SceneDelegate.swift */,
				35FE56042A6A781100F83350 /* FeedViewController.swift */,
				35FE56062A6A782600F83350 /* UploadViewController.swift */,
				35FE56082A6A783400F83350 /* SettingsViewController.swift */,
				35FE560A2A6A9C1100F83350 /* FeedCell.swift */,
				35ADFF1E2A696BFF00C93D6F /* ViewController.swift */,
				35ADFF202A696BFF00C93D6F /* Main.storyboard */,
				35ADFF232A696C0000C93D6F /* Assets.xcassets */,
				35ADFF252A696C0000C93D6F /* LaunchScreen.storyboard */,
			);
			path = instaCloneFireBase;
			sourceTree = "<group>";
		};
		93416032978D47883FADCCAA /* Pods */ = {
			isa = PBXGroup;
			children = (
				C11D92ED36A1B2C1BB5D23D0 /* Pods-instaCloneFireBase.debug.xcconfig */,
				E5BDBB3051FB0B1F2B28B2C1 /* Pods-instaCloneFireBase.release.xcconfig */,
			);
			path = Pods;
			sourceTree = "<group>";
		};
		B8B4E51D25D24D32DE6A99C2 /* Frameworks */ = {
			isa = PBXGroup;
			children = (
				35FDD65E2A6ABC58007761BB /* SDWebImage.framework */,
				35FE560C2A6AB9A400F83350 /* SDWebImage.framework */,
				C6B31FA0ACD94FDC563C11B6 /* Pods_instaCloneFireBase.framework */,
			);
			name = Frameworks;
			sourceTree = "<group>";
		};
/* End PBXGroup section */

/* Begin PBXNativeTarget section */
		35ADFF162A696BFF00C93D6F /* instaCloneFireBase */ = {
			isa = PBXNativeTarget;
			buildConfigurationList = 35ADFF2B2A696C0000C93D6F /* Build configuration list for PBXNativeTarget "instaCloneFireBase" */;
			buildPhases = (
				377E3DDB0061D5EFB57951DA /* [CP] Check Pods Manifest.lock */,
				35ADFF132A696BFF00C93D6F /* Sources */,
				35ADFF142A696BFF00C93D6F /* Frameworks */,
				35ADFF152A696BFF00C93D6F /* Resources */,
				9FF11CDCEF9BA829342D8295 /* [CP] Embed Pods Frameworks */,
			);
			buildRules = (
			);
			dependencies = (
			);
			name = instaCloneFireBase;
			productName = instaCloneFireBase;
			productReference = 35ADFF172A696BFF00C93D6F /* instaCloneFireBase.app */;
			productType = "com.apple.product-type.application";
		};
/* End PBXNativeTarget section */

/* Begin PBXProject section */
		35ADFF0F2A696BFF00C93D6F /* Project object */ = {
			isa = PBXProject;
			attributes = {
				BuildIndependentTargetsInParallel = 1;
				LastSwiftUpdateCheck = 1430;
				LastUpgradeCheck = 1430;
				TargetAttributes = {
					35ADFF162A696BFF00C93D6F = {
						CreatedOnToolsVersion = 14.3.1;
					};
				};
			};
			buildConfigurationList = 35ADFF122A696BFF00C93D6F /* Build configuration list for PBXProject "instaCloneFireBase" */;
			compatibilityVersion = "Xcode 14.0";
			developmentRegion = en;
			hasScannedForEncodings = 0;
			knownRegions = (
				en,
				Base,
			);
			mainGroup = 35ADFF0E2A696BFF00C93D6F;
			productRefGroup = 35ADFF182A696BFF00C93D6F /* Products */;
			projectDirPath = "";
			projectRoot = "";
			targets = (
				35ADFF162A696BFF00C93D6F /* instaCloneFireBase */,
			);
		};
/* End PBXProject section */

/* Begin PBXResourcesBuildPhase section */
		35ADFF152A696BFF00C93D6F /* Resources */ = {
			isa = PBXResourcesBuildPhase;
			buildActionMask = 2147483647;
			files = (
				35ADFF272A696C0000C93D6F /* LaunchScreen.storyboard in Resources */,
				35ADFF2F2A696DBE00C93D6F /* GoogleService-Info.plist in Resources */,
				35ADFF242A696C0000C93D6F /* Assets.xcassets in Resources */,
				35ADFF222A696BFF00C93D6F /* Main.storyboard in Resources */,
			);
			runOnlyForDeploymentPostprocessing = 0;
		};
/* End PBXResourcesBuildPhase section */

/* Begin PBXShellScriptBuildPhase section */
		377E3DDB0061D5EFB57951DA /* [CP] Check Pods Manifest.lock */ = {
			isa = PBXShellScriptBuildPhase;
			buildActionMask = 2147483647;
			files = (
			);
			inputFileListPaths = (
			);
			inputPaths = (
				"${PODS_PODFILE_DIR_PATH}/Podfile.lock",
				"${PODS_ROOT}/Manifest.lock",
			);
			name = "[CP] Check Pods Manifest.lock";
			outputFileListPaths = (
			);
			outputPaths = (
				"$(DERIVED_FILE_DIR)/Pods-instaCloneFireBase-checkManifestLockResult.txt",
			);
			runOnlyForDeploymentPostprocessing = 0;
			shellPath = /bin/sh;
			shellScript = "diff \"${PODS_PODFILE_DIR_PATH}/Podfile.lock\" \"${PODS_ROOT}/Manifest.lock\" > /dev/null\nif [ $? != 0 ] ; then\n    # print error to STDERR\n    echo \"error: The sandbox is not in sync with the Podfile.lock. Run 'pod install' or update your CocoaPods installation.\" >&2\n    exit 1\nfi\n# This output is used by Xcode 'outputs' to avoid re-running this script phase.\necho \"SUCCESS\" > \"${SCRIPT_OUTPUT_FILE_0}\"\n";
			showEnvVarsInLog = 0;
		};
		9FF11CDCEF9BA829342D8295 /* [CP] Embed Pods Frameworks */ = {
			isa = PBXShellScriptBuildPhase;
			buildActionMask = 2147483647;
			files = (
			);
			inputFileListPaths = (
				"${PODS_ROOT}/Target Support Files/Pods-instaCloneFireBase/Pods-instaCloneFireBase-frameworks-${CONFIGURATION}-input-files.xcfilelist",
			);
			name = "[CP] Embed Pods Frameworks";
			outputFileListPaths = (
				"${PODS_ROOT}/Target Support Files/Pods-instaCloneFireBase/Pods-instaCloneFireBase-frameworks-${CONFIGURATION}-output-files.xcfilelist",
			);
			runOnlyForDeploymentPostprocessing = 0;
			shellPath = /bin/sh;
			shellScript = "\"${PODS_ROOT}/Target Support Files/Pods-instaCloneFireBase/Pods-instaCloneFireBase-frameworks.sh\"\n";
			showEnvVarsInLog = 0;
		};
/* End PBXShellScriptBuildPhase section */

/* Begin PBXSourcesBuildPhase section */
		35ADFF132A696BFF00C93D6F /* Sources */ = {
			isa = PBXSourcesBuildPhase;
			buildActionMask = 2147483647;
			files = (
				35FE560B2A6A9C1100F83350 /* FeedCell.swift in Sources */,
				35ADFF1F2A696BFF00C93D6F /* ViewController.swift in Sources */,
				35FE56072A6A782600F83350 /* UploadViewController.swift in Sources */,
				35ADFF1B2A696BFF00C93D6F /* AppDelegate.swift in Sources */,
				35FE56052A6A781100F83350 /* FeedViewController.swift in Sources */,
				35ADFF1D2A696BFF00C93D6F /* SceneDelegate.swift in Sources */,
				35FE56092A6A783400F83350 /* SettingsViewController.swift in Sources */,
			);
			runOnlyForDeploymentPostprocessing = 0;
		};
/* End PBXSourcesBuildPhase section */

/* Begin PBXVariantGroup section */
		35ADFF202A696BFF00C93D6F /* Main.storyboard */ = {
			isa = PBXVariantGroup;
			children = (
				35ADFF212A696BFF00C93D6F /* Base */,
			);
			name = Main.storyboard;
			sourceTree = "<group>";
		};
		35ADFF252A696C0000C93D6F /* LaunchScreen.storyboard */ = {
			isa = PBXVariantGroup;
			children = (
				35ADFF262A696C0000C93D6F /* Base */,
			);
			name = LaunchScreen.storyboard;
			sourceTree = "<group>";
		};
/* End PBXVariantGroup section */

/* Begin XCBuildConfiguration section */
		35ADFF292A696C0000C93D6F /* Debug */ = {
			isa = XCBuildConfiguration;
			buildSettings = {
				ALWAYS_SEARCH_USER_PATHS = NO;
				CLANG_ANALYZER_NONNULL = YES;
				CLANG_ANALYZER_NUMBER_OBJECT_CONVERSION = YES_AGGRESSIVE;
				CLANG_CXX_LANGUAGE_STANDARD = "gnu++20";
				CLANG_ENABLE_MODULES = YES;
				CLANG_ENABLE_OBJC_ARC = YES;
				CLANG_ENABLE_OBJC_WEAK = YES;
				CLANG_WARN_BLOCK_CAPTURE_AUTORELEASING = YES;
				CLANG_WARN_BOOL_CONVERSION = YES;
				CLANG_WARN_COMMA = YES;
				CLANG_WARN_CONSTANT_CONVERSION = YES;
				CLANG_WARN_DEPRECATED_OBJC_IMPLEMENTATIONS = YES;
				CLANG_WARN_DIRECT_OBJC_ISA_USAGE = YES_ERROR;
				CLANG_WARN_DOCUMENTATION_COMMENTS = YES;
				CLANG_WARN_EMPTY_BODY = YES;
				CLANG_WARN_ENUM_CONVERSION = YES;
				CLANG_WARN_INFINITE_RECURSION = YES;
				CLANG_WARN_INT_CONVERSION = YES;
				CLANG_WARN_NON_LITERAL_NULL_CONVERSION = YES;
				CLANG_WARN_OBJC_IMPLICIT_RETAIN_SELF = YES;
				CLANG_WARN_OBJC_LITERAL_CONVERSION = YES;
				CLANG_WARN_OBJC_ROOT_CLASS = YES_ERROR;
				CLANG_WARN_QUOTED_INCLUDE_IN_FRAMEWORK_HEADER = YES;
				CLANG_WARN_RANGE_LOOP_ANALYSIS = YES;
				CLANG_WARN_STRICT_PROTOTYPES = YES;
				CLANG_WARN_SUSPICIOUS_MOVE = YES;
				CLANG_WARN_UNGUARDED_AVAILABILITY = YES_AGGRESSIVE;
				CLANG_WARN_UNREACHABLE_CODE = YES;
				CLANG_WARN__DUPLICATE_METHOD_MATCH = YES;
				COPY_PHASE_STRIP = NO;
				DEBUG_INFORMATION_FORMAT = dwarf;
				ENABLE_STRICT_OBJC_MSGSEND = YES;
				ENABLE_TESTABILITY = YES;
				GCC_C_LANGUAGE_STANDARD = gnu11;
				GCC_DYNAMIC_NO_PIC = NO;
				GCC_NO_COMMON_BLOCKS = YES;
				GCC_OPTIMIZATION_LEVEL = 0;
				GCC_PREPROCESSOR_DEFINITIONS = (
					"DEBUG=1",
					"$(inherited)",
				);
				GCC_WARN_64_TO_32_BIT_CONVERSION = YES;
				GCC_WARN_ABOUT_RETURN_TYPE = YES_ERROR;
				GCC_WARN_UNDECLARED_SELECTOR = YES;
				GCC_WARN_UNINITIALIZED_AUTOS = YES_AGGRESSIVE;
				GCC_WARN_UNUSED_FUNCTION = YES;
				GCC_WARN_UNUSED_VARIABLE = YES;
				IPHONEOS_DEPLOYMENT_TARGET = 16.4;
				MTL_ENABLE_DEBUG_INFO = INCLUDE_SOURCE;
				MTL_FAST_MATH = YES;
				ONLY_ACTIVE_ARCH = YES;
				SDKROOT = iphoneos;
				SWIFT_ACTIVE_COMPILATION_CONDITIONS = DEBUG;
				SWIFT_OPTIMIZATION_LEVEL = "-Onone";
			};
			name = Debug;
		};
		35ADFF2A2A696C0000C93D6F /* Release */ = {
			isa = XCBuildConfiguration;
			buildSettings = {
				ALWAYS_SEARCH_USER_PATHS = NO;
				CLANG_ANALYZER_NONNULL = YES;
				CLANG_ANALYZER_NUMBER_OBJECT_CONVERSION = YES_AGGRESSIVE;
				CLANG_CXX_LANGUAGE_STANDARD = "gnu++20";
				CLANG_ENABLE_MODULES = YES;
				CLANG_ENABLE_OBJC_ARC = YES;
				CLANG_ENABLE_OBJC_WEAK = YES;
				CLANG_WARN_BLOCK_CAPTURE_AUTORELEASING = YES;
				CLANG_WARN_BOOL_CONVERSION = YES;
				CLANG_WARN_COMMA = YES;
				CLANG_WARN_CONSTANT_CONVERSION = YES;
				CLANG_WARN_DEPRECATED_OBJC_IMPLEMENTATIONS = YES;
				CLANG_WARN_DIRECT_OBJC_ISA_USAGE = YES_ERROR;
				CLANG_WARN_DOCUMENTATION_COMMENTS = YES;
				CLANG_WARN_EMPTY_BODY = YES;
				CLANG_WARN_ENUM_CONVERSION = YES;
				CLANG_WARN_INFINITE_RECURSION = YES;
				CLANG_WARN_INT_CONVERSION = YES;
				CLANG_WARN_NON_LITERAL_NULL_CONVERSION = YES;
				CLANG_WARN_OBJC_IMPLICIT_RETAIN_SELF = YES;
				CLANG_WARN_OBJC_LITERAL_CONVERSION = YES;
				CLANG_WARN_OBJC_ROOT_CLASS = YES_ERROR;
				CLANG_WARN_QUOTED_INCLUDE_IN_FRAMEWORK_HEADER = YES;
				CLANG_WARN_RANGE_LOOP_ANALYSIS = YES;
				CLANG_WARN_STRICT_PROTOTYPES = YES;
				CLANG_WARN_SUSPICIOUS_MOVE = YES;
				CLANG_WARN_UNGUARDED_AVAILABILITY = YES_AGGRESSIVE;
				CLANG_WARN_UNREACHABLE_CODE = YES;
				CLANG_WARN__DUPLICATE_METHOD_MATCH = YES;
				COPY_PHASE_STRIP = NO;
				DEBUG_INFORMATION_FORMAT = "dwarf-with-dsym";
				ENABLE_NS_ASSERTIONS = NO;
				ENABLE_STRICT_OBJC_MSGSEND = YES;
				GCC_C_LANGUAGE_STANDARD = gnu11;
				GCC_NO_COMMON_BLOCKS = YES;
				GCC_WARN_64_TO_32_BIT_CONVERSION = YES;
				GCC_WARN_ABOUT_RETURN_TYPE = YES_ERROR;
				GCC_WARN_UNDECLARED_SELECTOR = YES;
				GCC_WARN_UNINITIALIZED_AUTOS = YES_AGGRESSIVE;
				GCC_WARN_UNUSED_FUNCTION = YES;
				GCC_WARN_UNUSED_VARIABLE = YES;
				IPHONEOS_DEPLOYMENT_TARGET = 16.4;
				MTL_ENABLE_DEBUG_INFO = NO;
				MTL_FAST_MATH = YES;
				SDKROOT = iphoneos;
				SWIFT_COMPILATION_MODE = wholemodule;
				SWIFT_OPTIMIZATION_LEVEL = "-O";
				VALIDATE_PRODUCT = YES;
			};
			name = Release;
		};
		35ADFF2C2A696C0000C93D6F /* Debug */ = {
			isa = XCBuildConfiguration;
			baseConfigurationReference = C11D92ED36A1B2C1BB5D23D0 /* Pods-instaCloneFireBase.debug.xcconfig */;
			buildSettings = {
				ASSETCATALOG_COMPILER_APPICON_NAME = AppIcon;
				ASSETCATALOG_COMPILER_GLOBAL_ACCENT_COLOR_NAME = AccentColor;
				CODE_SIGN_STYLE = Automatic;
				CURRENT_PROJECT_VERSION = 1;
				DEVELOPMENT_TEAM = P9PZMA597G;
				GENERATE_INFOPLIST_FILE = YES;
				INFOPLIST_FILE = instaCloneFireBase/Info.plist;
				INFOPLIST_KEY_UIApplicationSupportsIndirectInputEvents = YES;
				INFOPLIST_KEY_UILaunchStoryboardName = LaunchScreen;
				INFOPLIST_KEY_UIMainStoryboardFile = Main;
				INFOPLIST_KEY_UISupportedInterfaceOrientations_iPad = "UIInterfaceOrientationPortrait UIInterfaceOrientationPortraitUpsideDown UIInterfaceOrientationLandscapeLeft UIInterfaceOrientationLandscapeRight";
				INFOPLIST_KEY_UISupportedInterfaceOrientations_iPhone = "UIInterfaceOrientationPortrait UIInterfaceOrientationLandscapeLeft UIInterfaceOrientationLandscapeRight";
				LD_RUNPATH_SEARCH_PATHS = (
					"$(inherited)",
					"@executable_path/Frameworks",
				);
				MARKETING_VERSION = 1.0;
				PRODUCT_BUNDLE_IDENTIFIER = com.dogukanahi.instaCloneFireBase;
				PRODUCT_NAME = "$(TARGET_NAME)";
				SWIFT_EMIT_LOC_STRINGS = YES;
				SWIFT_VERSION = 5.0;
				TARGETED_DEVICE_FAMILY = "1,2";
			};
			name = Debug;
		};
		35ADFF2D2A696C0000C93D6F /* Release */ = {
			isa = XCBuildConfiguration;
			baseConfigurationReference = E5BDBB3051FB0B1F2B28B2C1 /* Pods-instaCloneFireBase.release.xcconfig */;
			buildSettings = {
				ASSETCATALOG_COMPILER_APPICON_NAME = AppIcon;
				ASSETCATALOG_COMPILER_GLOBAL_ACCENT_COLOR_NAME = AccentColor;
				CODE_SIGN_STYLE = Automatic;
				CURRENT_PROJECT_VERSION = 1;
				DEVELOPMENT_TEAM = P9PZMA597G;
				GENERATE_INFOPLIST_FILE = YES;
				INFOPLIST_FILE = instaCloneFireBase/Info.plist;
				INFOPLIST_KEY_UIApplicationSupportsIndirectInputEvents = YES;
				INFOPLIST_KEY_UILaunchStoryboardName = LaunchScreen;
				INFOPLIST_KEY_UIMainStoryboardFile = Main;
				INFOPLIST_KEY_UISupportedInterfaceOrientations_iPad = "UIInterfaceOrientationPortrait UIInterfaceOrientationPortraitUpsideDown UIInterfaceOrientationLandscapeLeft UIInterfaceOrientationLandscapeRight";
				INFOPLIST_KEY_UISupportedInterfaceOrientations_iPhone = "UIInterfaceOrientationPortrait UIInterfaceOrientationLandscapeLeft UIInterfaceOrientationLandscapeRight";
				LD_RUNPATH_SEARCH_PATHS = (
					"$(inherited)",
					"@executable_path/Frameworks",
				);
				MARKETING_VERSION = 1.0;
				PRODUCT_BUNDLE_IDENTIFIER = com.dogukanahi.instaCloneFireBase;
				PRODUCT_NAME = "$(TARGET_NAME)";
				SWIFT_EMIT_LOC_STRINGS = YES;
				SWIFT_VERSION = 5.0;
				TARGETED_DEVICE_FAMILY = "1,2";
			};
			name = Release;
		};
/* End XCBuildConfiguration section */

/* Begin XCConfigurationList section */
		35ADFF122A696BFF00C93D6F /* Build configuration list for PBXProject "instaCloneFireBase" */ = {
			isa = XCConfigurationList;
			buildConfigurations = (
				35ADFF292A696C0000C93D6F /* Debug */,
				35ADFF2A2A696C0000C93D6F /* Release */,
			);
			defaultConfigurationIsVisible = 0;
			defaultConfigurationName = Release;
		};
		35ADFF2B2A696C0000C93D6F /* Build configuration list for PBXNativeTarget "instaCloneFireBase" */ = {
			isa = XCConfigurationList;
			buildConfigurations = (
				35ADFF2C2A696C0000C93D6F /* Debug */,
				35ADFF2D2A696C0000C93D6F /* Release */,
			);
			defaultConfigurationIsVisible = 0;
			defaultConfigurationName = Release;
		};
/* End XCConfigurationList section */
	};
	rootObject = 35ADFF0F2A696BFF00C93D6F /* Project object */;
}
